// !$*UTF8*$!
{
	archiveVersion = 1;
	classes = {
	};
	objectVersion = 50;
	objects = {

/* Begin PBXBuildFile section */
		6186975326D273B60069AE30 /* AppDelegate.swift in Sources */ = {isa = PBXBuildFile; fileRef = 6186975226D273B60069AE30 /* AppDelegate.swift */; };
		6186975526D273B60069AE30 /* SceneDelegate.swift in Sources */ = {isa = PBXBuildFile; fileRef = 6186975426D273B60069AE30 /* SceneDelegate.swift */; };
		6186975726D273B60069AE30 /* ViewController.swift in Sources */ = {isa = PBXBuildFile; fileRef = 6186975626D273B60069AE30 /* ViewController.swift */; };
		6186975A26D273B60069AE30 /* Main.storyboard in Resources */ = {isa = PBXBuildFile; fileRef = 6186975826D273B60069AE30 /* Main.storyboard */; };
		6186975C26D273B80069AE30 /* Assets.xcassets in Resources */ = {isa = PBXBuildFile; fileRef = 6186975B26D273B80069AE30 /* Assets.xcassets */; };
		6186975F26D273B80069AE30 /* LaunchScreen.storyboard in Resources */ = {isa = PBXBuildFile; fileRef = 6186975D26D273B80069AE30 /* LaunchScreen.storyboard */; };
		6186976826D274350069AE30 /* Extension.swift in Sources */ = {isa = PBXBuildFile; fileRef = 6186976726D274350069AE30 /* Extension.swift */; };
		6186977326D274540069AE30 /* Array-Extension.swift in Sources */ = {isa = PBXBuildFile; fileRef = 6186976926D274540069AE30 /* Array-Extension.swift */; };
		6186977426D274540069AE30 /* Firebase-ErrorCode.swift in Sources */ = {isa = PBXBuildFile; fileRef = 6186976A26D274540069AE30 /* Firebase-ErrorCode.swift */; };
		6186977526D274540069AE30 /* UIColor-Extension.swift in Sources */ = {isa = PBXBuildFile; fileRef = 6186976B26D274540069AE30 /* UIColor-Extension.swift */; };
		6186977626D274540069AE30 /* UINavigation-Extension.swift in Sources */ = {isa = PBXBuildFile; fileRef = 6186976C26D274540069AE30 /* UINavigation-Extension.swift */; };
		6186977726D274540069AE30 /* UITextField-Extension.swift in Sources */ = {isa = PBXBuildFile; fileRef = 6186976D26D274540069AE30 /* UITextField-Extension.swift */; };
		6186977826D274540069AE30 /* Firebase-Extension.swift in Sources */ = {isa = PBXBuildFile; fileRef = 6186976E26D274540069AE30 /* Firebase-Extension.swift */; };
		6186977926D274540069AE30 /* UIButton-Extension.swift in Sources */ = {isa = PBXBuildFile; fileRef = 6186976F26D274540069AE30 /* UIButton-Extension.swift */; };
		6186977A26D274540069AE30 /* UIImageView-Extension.swift in Sources */ = {isa = PBXBuildFile; fileRef = 6186977026D274540069AE30 /* UIImageView-Extension.swift */; };
		6186977B26D274540069AE30 /* UIImage-Extension.swift in Sources */ = {isa = PBXBuildFile; fileRef = 6186977126D274540069AE30 /* UIImage-Extension.swift */; };
		6186977C26D274540069AE30 /* UIView-Extension.swift in Sources */ = {isa = PBXBuildFile; fileRef = 6186977226D274540069AE30 /* UIView-Extension.swift */; };
		6F6E9DACEE822078AF30964C /* Pods_Avec.framework in Frameworks */ = {isa = PBXBuildFile; fileRef = B15911FE1804804383BBB0D1 /* Pods_Avec.framework */; };
/* End PBXBuildFile section */

/* Begin PBXFileReference section */
		57ED11A75BF6332F1BC071BF /* Pods-Avec.release.xcconfig */ = {isa = PBXFileReference; includeInIndex = 1; lastKnownFileType = text.xcconfig; name = "Pods-Avec.release.xcconfig"; path = "Target Support Files/Pods-Avec/Pods-Avec.release.xcconfig"; sourceTree = "<group>"; };
		6186974F26D273B60069AE30 /* Avec.app */ = {isa = PBXFileReference; explicitFileType = wrapper.application; includeInIndex = 0; path = Avec.app; sourceTree = BUILT_PRODUCTS_DIR; };
		6186975226D273B60069AE30 /* AppDelegate.swift */ = {isa = PBXFileReference; lastKnownFileType = sourcecode.swift; path = AppDelegate.swift; sourceTree = "<group>"; };
		6186975426D273B60069AE30 /* SceneDelegate.swift */ = {isa = PBXFileReference; lastKnownFileType = sourcecode.swift; path = SceneDelegate.swift; sourceTree = "<group>"; };
		6186975626D273B60069AE30 /* ViewController.swift */ = {isa = PBXFileReference; lastKnownFileType = sourcecode.swift; path = ViewController.swift; sourceTree = "<group>"; };
		6186975926D273B60069AE30 /* Base */ = {isa = PBXFileReference; lastKnownFileType = file.storyboard; name = Base; path = Base.lproj/Main.storyboard; sourceTree = "<group>"; };
		6186975B26D273B80069AE30 /* Assets.xcassets */ = {isa = PBXFileReference; lastKnownFileType = folder.assetcatalog; path = Assets.xcassets; sourceTree = "<group>"; };
		6186975E26D273B80069AE30 /* Base */ = {isa = PBXFileReference; lastKnownFileType = file.storyboard; name = Base; path = Base.lproj/LaunchScreen.storyboard; sourceTree = "<group>"; };
		6186976026D273B80069AE30 /* Info.plist */ = {isa = PBXFileReference; lastKnownFileType = text.plist.xml; path = Info.plist; sourceTree = "<group>"; };
		6186976726D274350069AE30 /* Extension.swift */ = {isa = PBXFileReference; fileEncoding = 4; lastKnownFileType = sourcecode.swift; path = Extension.swift; sourceTree = "<group>"; };
		6186976926D274540069AE30 /* Array-Extension.swift */ = {isa = PBXFileReference; fileEncoding = 4; lastKnownFileType = sourcecode.swift; path = "Array-Extension.swift"; sourceTree = "<group>"; };
		6186976A26D274540069AE30 /* Firebase-ErrorCode.swift */ = {isa = PBXFileReference; fileEncoding = 4; lastKnownFileType = sourcecode.swift; path = "Firebase-ErrorCode.swift"; sourceTree = "<group>"; };
		6186976B26D274540069AE30 /* UIColor-Extension.swift */ = {isa = PBXFileReference; fileEncoding = 4; lastKnownFileType = sourcecode.swift; path = "UIColor-Extension.swift"; sourceTree = "<group>"; };
		6186976C26D274540069AE30 /* UINavigation-Extension.swift */ = {isa = PBXFileReference; fileEncoding = 4; lastKnownFileType = sourcecode.swift; path = "UINavigation-Extension.swift"; sourceTree = "<group>"; };
		6186976D26D274540069AE30 /* UITextField-Extension.swift */ = {isa = PBXFileReference; fileEncoding = 4; lastKnownFileType = sourcecode.swift; path = "UITextField-Extension.swift"; sourceTree = "<group>"; };
		6186976E26D274540069AE30 /* Firebase-Extension.swift */ = {isa = PBXFileReference; fileEncoding = 4; lastKnownFileType = sourcecode.swift; path = "Firebase-Extension.swift"; sourceTree = "<group>"; };
		6186976F26D274540069AE30 /* UIButton-Extension.swift */ = {isa = PBXFileReference; fileEncoding = 4; lastKnownFileType = sourcecode.swift; path = "UIButton-Extension.swift"; sourceTree = "<group>"; };
		6186977026D274540069AE30 /* UIImageView-Extension.swift */ = {isa = PBXFileReference; fileEncoding = 4; lastKnownFileType = sourcecode.swift; path = "UIImageView-Extension.swift"; sourceTree = "<group>"; };
		6186977126D274540069AE30 /* UIImage-Extension.swift */ = {isa = PBXFileReference; fileEncoding = 4; lastKnownFileType = sourcecode.swift; path = "UIImage-Extension.swift"; sourceTree = "<group>"; };
		6186977226D274540069AE30 /* UIView-Extension.swift */ = {isa = PBXFileReference; fileEncoding = 4; lastKnownFileType = sourcecode.swift; path = "UIView-Extension.swift"; sourceTree = "<group>"; };
		90F0A59C255DFA9E5C2B3469 /* Pods-Avec.debug.xcconfig */ = {isa = PBXFileReference; includeInIndex = 1; lastKnownFileType = text.xcconfig; name = "Pods-Avec.debug.xcconfig"; path = "Target Support Files/Pods-Avec/Pods-Avec.debug.xcconfig"; sourceTree = "<group>"; };
		B15911FE1804804383BBB0D1 /* Pods_Avec.framework */ = {isa = PBXFileReference; explicitFileType = wrapper.framework; includeInIndex = 0; path = Pods_Avec.framework; sourceTree = BUILT_PRODUCTS_DIR; };
/* End PBXFileReference section */

/* Begin PBXFrameworksBuildPhase section */
		6186974C26D273B60069AE30 /* Frameworks */ = {
			isa = PBXFrameworksBuildPhase;
			buildActionMask = 2147483647;
			files = (
				6F6E9DACEE822078AF30964C /* Pods_Avec.framework in Frameworks */,
			);
			runOnlyForDeploymentPostprocessing = 0;
		};
/* End PBXFrameworksBuildPhase section */

/* Begin PBXGroup section */
		3EB5513440C588B607462FAD /* Frameworks */ = {
			isa = PBXGroup;
			children = (
				B15911FE1804804383BBB0D1 /* Pods_Avec.framework */,
			);
			name = Frameworks;
			sourceTree = "<group>";
		};
		6186974626D273B60069AE30 = {
			isa = PBXGroup;
			children = (
				6186975126D273B60069AE30 /* Avec */,
				6186975026D273B60069AE30 /* Products */,
				77FEDB97291AE2247F9C6CA1 /* Pods */,
				3EB5513440C588B607462FAD /* Frameworks */,
			);
			sourceTree = "<group>";
		};
		6186975026D273B60069AE30 /* Products */ = {
			isa = PBXGroup;
			children = (
				6186974F26D273B60069AE30 /* Avec.app */,
			);
			name = Products;
			sourceTree = "<group>";
		};
		6186975126D273B60069AE30 /* Avec */ = {
			isa = PBXGroup;
			children = (
				6186976626D273E30069AE30 /* Extensions */,
				6186975226D273B60069AE30 /* AppDelegate.swift */,
				6186975426D273B60069AE30 /* SceneDelegate.swift */,
				6186975626D273B60069AE30 /* ViewController.swift */,
				6186975826D273B60069AE30 /* Main.storyboard */,
				6186975B26D273B80069AE30 /* Assets.xcassets */,
				6186975D26D273B80069AE30 /* LaunchScreen.storyboard */,
				6186976026D273B80069AE30 /* Info.plist */,
			);
			path = Avec;
			sourceTree = "<group>";
		};
		6186976626D273E30069AE30 /* Extensions */ = {
			isa = PBXGroup;
			children = (
				6186976926D274540069AE30 /* Array-Extension.swift */,
				6186976A26D274540069AE30 /* Firebase-ErrorCode.swift */,
				6186976E26D274540069AE30 /* Firebase-Extension.swift */,
				6186976F26D274540069AE30 /* UIButton-Extension.swift */,
				6186976B26D274540069AE30 /* UIColor-Extension.swift */,
				6186977126D274540069AE30 /* UIImage-Extension.swift */,
				6186977026D274540069AE30 /* UIImageView-Extension.swift */,
				6186976C26D274540069AE30 /* UINavigation-Extension.swift */,
				6186976D26D274540069AE30 /* UITextField-Extension.swift */,
				6186977226D274540069AE30 /* UIView-Extension.swift */,
				6186976726D274350069AE30 /* Extension.swift */,
			);
			path = Extensions;
			sourceTree = "<group>";
		};
		77FEDB97291AE2247F9C6CA1 /* Pods */ = {
			isa = PBXGroup;
			children = (
				90F0A59C255DFA9E5C2B3469 /* Pods-Avec.debug.xcconfig */,
				57ED11A75BF6332F1BC071BF /* Pods-Avec.release.xcconfig */,
			);
			name = Pods;
			path = Pods;
			sourceTree = "<group>";
		};
/* End PBXGroup section */

/* Begin PBXNativeTarget section */
		6186974E26D273B60069AE30 /* Avec */ = {
			isa = PBXNativeTarget;
			buildConfigurationList = 6186976326D273B80069AE30 /* Build configuration list for PBXNativeTarget "Avec" */;
			buildPhases = (
				D567D89B36A04B4AA5AC9974 /* [CP] Check Pods Manifest.lock */,
				6186974B26D273B60069AE30 /* Sources */,
				6186974C26D273B60069AE30 /* Frameworks */,
				6186974D26D273B60069AE30 /* Resources */,
			);
			buildRules = (
			);
			dependencies = (
			);
			name = Avec;
			productName = Avec;
			productReference = 6186974F26D273B60069AE30 /* Avec.app */;
			productType = "com.apple.product-type.application";
		};
/* End PBXNativeTarget section */

/* Begin PBXProject section */
		6186974726D273B60069AE30 /* Project object */ = {
			isa = PBXProject;
			attributes = {
				LastSwiftUpdateCheck = 1250;
				LastUpgradeCheck = 1250;
				TargetAttributes = {
					6186974E26D273B60069AE30 = {
						CreatedOnToolsVersion = 12.5.1;
					};
				};
			};
			buildConfigurationList = 6186974A26D273B60069AE30 /* Build configuration list for PBXProject "Avec" */;
			compatibilityVersion = "Xcode 9.3";
			developmentRegion = en;
			hasScannedForEncodings = 0;
			knownRegions = (
				en,
				Base,
			);
			mainGroup = 6186974626D273B60069AE30;
			productRefGroup = 6186975026D273B60069AE30 /* Products */;
			projectDirPath = "";
			projectRoot = "";
			targets = (
				6186974E26D273B60069AE30 /* Avec */,
			);
		};
/* End PBXProject section */

/* Begin PBXResourcesBuildPhase section */
		6186974D26D273B60069AE30 /* Resources */ = {
			isa = PBXResourcesBuildPhase;
			buildActionMask = 2147483647;
			files = (
				6186975F26D273B80069AE30 /* LaunchScreen.storyboard in Resources */,
				6186975C26D273B80069AE30 /* Assets.xcassets in Resources */,
				6186975A26D273B60069AE30 /* Main.storyboard in Resources */,
			);
			runOnlyForDeploymentPostprocessing = 0;
		};
/* End PBXResourcesBuildPhase section */

/* Begin PBXShellScriptBuildPhase section */
		D567D89B36A04B4AA5AC9974 /* [CP] Check Pods Manifest.lock */ = {
			isa = PBXShellScriptBuildPhase;
			buildActionMask = 2147483647;
			files = (
			);
			inputFileListPaths = (
			);
			inputPaths = (
				"${PODS_PODFILE_DIR_PATH}/Podfile.lock",
				"${PODS_ROOT}/Manifest.lock",
			);
			name = "[CP] Check Pods Manifest.lock";
			outputFileListPaths = (
			);
			outputPaths = (
				"$(DERIVED_FILE_DIR)/Pods-Avec-checkManifestLockResult.txt",
			);
			runOnlyForDeploymentPostprocessing = 0;
			shellPath = /bin/sh;
			shellScript = "diff \"${PODS_PODFILE_DIR_PATH}/Podfile.lock\" \"${PODS_ROOT}/Manifest.lock\" > /dev/null\nif [ $? != 0 ] ; then\n    # print error to STDERR\n    echo \"error: The sandbox is not in sync with the Podfile.lock. Run 'pod install' or update your CocoaPods installation.\" >&2\n    exit 1\nfi\n# This output is used by Xcode 'outputs' to avoid re-running this script phase.\necho \"SUCCESS\" > \"${SCRIPT_OUTPUT_FILE_0}\"\n";
			showEnvVarsInLog = 0;
		};
/* End PBXShellScriptBuildPhase section */

/* Begin PBXSourcesBuildPhase section */
		6186974B26D273B60069AE30 /* Sources */ = {
			isa = PBXSourcesBuildPhase;
			buildActionMask = 2147483647;
			files = (
				6186977A26D274540069AE30 /* UIImageView-Extension.swift in Sources */,
				6186975726D273B60069AE30 /* ViewController.swift in Sources */,
				6186975326D273B60069AE30 /* AppDelegate.swift in Sources */,
				6186977826D274540069AE30 /* Firebase-Extension.swift in Sources */,
				6186975526D273B60069AE30 /* SceneDelegate.swift in Sources */,
				6186977326D274540069AE30 /* Array-Extension.swift in Sources */,
				6186977426D274540069AE30 /* Firebase-ErrorCode.swift in Sources */,
				6186977926D274540069AE30 /* UIButton-Extension.swift in Sources */,
				6186977526D274540069AE30 /* UIColor-Extension.swift in Sources */,
				6186976826D274350069AE30 /* Extension.swift in Sources */,
				6186977C26D274540069AE30 /* UIView-Extension.swift in Sources */,
				6186977626D274540069AE30 /* UINavigation-Extension.swift in Sources */,
				6186977B26D274540069AE30 /* UIImage-Extension.swift in Sources */,
				6186977726D274540069AE30 /* UITextField-Extension.swift in Sources */,
			);
			runOnlyForDeploymentPostprocessing = 0;
		};
/* End PBXSourcesBuildPhase section */

/* Begin PBXVariantGroup section */
		6186975826D273B60069AE30 /* Main.storyboard */ = {
			isa = PBXVariantGroup;
			children = (
				6186975926D273B60069AE30 /* Base */,
			);
			name = Main.storyboard;
			sourceTree = "<group>";
		};
		6186975D26D273B80069AE30 /* LaunchScreen.storyboard */ = {
			isa = PBXVariantGroup;
			children = (
				6186975E26D273B80069AE30 /* Base */,
			);
			name = LaunchScreen.storyboard;
			sourceTree = "<group>";
		};
/* End PBXVariantGroup section */

/* Begin XCBuildConfiguration section */
		6186976126D273B80069AE30 /* Debug */ = {
			isa = XCBuildConfiguration;
			buildSettings = {
				ALWAYS_SEARCH_USER_PATHS = NO;
				CLANG_ANALYZER_NONNULL = YES;
				CLANG_ANALYZER_NUMBER_OBJECT_CONVERSION = YES_AGGRESSIVE;
				CLANG_CXX_LANGUAGE_STANDARD = "gnu++14";
				CLANG_CXX_LIBRARY = "libc++";
				CLANG_ENABLE_MODULES = YES;
				CLANG_ENABLE_OBJC_ARC = YES;
				CLANG_ENABLE_OBJC_WEAK = YES;
				CLANG_WARN_BLOCK_CAPTURE_AUTORELEASING = YES;
				CLANG_WARN_BOOL_CONVERSION = YES;
				CLANG_WARN_COMMA = YES;
				CLANG_WARN_CONSTANT_CONVERSION = YES;
				CLANG_WARN_DEPRECATED_OBJC_IMPLEMENTATIONS = YES;
				CLANG_WARN_DIRECT_OBJC_ISA_USAGE = YES_ERROR;
				CLANG_WARN_DOCUMENTATION_COMMENTS = YES;
				CLANG_WARN_EMPTY_BODY = YES;
				CLANG_WARN_ENUM_CONVERSION = YES;
				CLANG_WARN_INFINITE_RECURSION = YES;
				CLANG_WARN_INT_CONVERSION = YES;
				CLANG_WARN_NON_LITERAL_NULL_CONVERSION = YES;
				CLANG_WARN_OBJC_IMPLICIT_RETAIN_SELF = YES;
				CLANG_WARN_OBJC_LITERAL_CONVERSION = YES;
				CLANG_WARN_OBJC_ROOT_CLASS = YES_ERROR;
				CLANG_WARN_QUOTED_INCLUDE_IN_FRAMEWORK_HEADER = YES;
				CLANG_WARN_RANGE_LOOP_ANALYSIS = YES;
				CLANG_WARN_STRICT_PROTOTYPES = YES;
				CLANG_WARN_SUSPICIOUS_MOVE = YES;
				CLANG_WARN_UNGUARDED_AVAILABILITY = YES_AGGRESSIVE;
				CLANG_WARN_UNREACHABLE_CODE = YES;
				CLANG_WARN__DUPLICATE_METHOD_MATCH = YES;
				COPY_PHASE_STRIP = NO;
				DEBUG_INFORMATION_FORMAT = dwarf;
				ENABLE_STRICT_OBJC_MSGSEND = YES;
				ENABLE_TESTABILITY = YES;
				GCC_C_LANGUAGE_STANDARD = gnu11;
				GCC_DYNAMIC_NO_PIC = NO;
				GCC_NO_COMMON_BLOCKS = YES;
				GCC_OPTIMIZATION_LEVEL = 0;
				GCC_PREPROCESSOR_DEFINITIONS = (
					"DEBUG=1",
					"$(inherited)",
				);
				GCC_WARN_64_TO_32_BIT_CONVERSION = YES;
				GCC_WARN_ABOUT_RETURN_TYPE = YES_ERROR;
				GCC_WARN_UNDECLARED_SELECTOR = YES;
				GCC_WARN_UNINITIALIZED_AUTOS = YES_AGGRESSIVE;
				GCC_WARN_UNUSED_FUNCTION = YES;
				GCC_WARN_UNUSED_VARIABLE = YES;
				IPHONEOS_DEPLOYMENT_TARGET = 14.5;
				MTL_ENABLE_DEBUG_INFO = INCLUDE_SOURCE;
				MTL_FAST_MATH = YES;
				ONLY_ACTIVE_ARCH = YES;
				SDKROOT = iphoneos;
				SWIFT_ACTIVE_COMPILATION_CONDITIONS = DEBUG;
				SWIFT_OPTIMIZATION_LEVEL = "-Onone";
			};
			name = Debug;
		};
		6186976226D273B80069AE30 /* Release */ = {
			isa = XCBuildConfiguration;
			buildSettings = {
				ALWAYS_SEARCH_USER_PATHS = NO;
				CLANG_ANALYZER_NONNULL = YES;
				CLANG_ANALYZER_NUMBER_OBJECT_CONVERSION = YES_AGGRESSIVE;
				CLANG_CXX_LANGUAGE_STANDARD = "gnu++14";
				CLANG_CXX_LIBRARY = "libc++";
				CLANG_ENABLE_MODULES = YES;
				CLANG_ENABLE_OBJC_ARC = YES;
				CLANG_ENABLE_OBJC_WEAK = YES;
				CLANG_WARN_BLOCK_CAPTURE_AUTORELEASING = YES;
				CLANG_WARN_BOOL_CONVERSION = YES;
				CLANG_WARN_COMMA = YES;
				CLANG_WARN_CONSTANT_CONVERSION = YES;
				CLANG_WARN_DEPRECATED_OBJC_IMPLEMENTATIONS = YES;
				CLANG_WARN_DIRECT_OBJC_ISA_USAGE = YES_ERROR;
				CLANG_WARN_DOCUMENTATION_COMMENTS = YES;
				CLANG_WARN_EMPTY_BODY = YES;
				CLANG_WARN_ENUM_CONVERSION = YES;
				CLANG_WARN_INFINITE_RECURSION = YES;
				CLANG_WARN_INT_CONVERSION = YES;
				CLANG_WARN_NON_LITERAL_NULL_CONVERSION = YES;
				CLANG_WARN_OBJC_IMPLICIT_RETAIN_SELF = YES;
				CLANG_WARN_OBJC_LITERAL_CONVERSION = YES;
				CLANG_WARN_OBJC_ROOT_CLASS = YES_ERROR;
				CLANG_WARN_QUOTED_INCLUDE_IN_FRAMEWORK_HEADER = YES;
				CLANG_WARN_RANGE_LOOP_ANALYSIS = YES;
				CLANG_WARN_STRICT_PROTOTYPES = YES;
				CLANG_WARN_SUSPICIOUS_MOVE = YES;
				CLANG_WARN_UNGUARDED_AVAILABILITY = YES_AGGRESSIVE;
				CLANG_WARN_UNREACHABLE_CODE = YES;
				CLANG_WARN__DUPLICATE_METHOD_MATCH = YES;
				COPY_PHASE_STRIP = NO;
				DEBUG_INFORMATION_FORMAT = "dwarf-with-dsym";
				ENABLE_NS_ASSERTIONS = NO;
				ENABLE_STRICT_OBJC_MSGSEND = YES;
				GCC_C_LANGUAGE_STANDARD = gnu11;
				GCC_NO_COMMON_BLOCKS = YES;
				GCC_WARN_64_TO_32_BIT_CONVERSION = YES;
				GCC_WARN_ABOUT_RETURN_TYPE = YES_ERROR;
				GCC_WARN_UNDECLARED_SELECTOR = YES;
				GCC_WARN_UNINITIALIZED_AUTOS = YES_AGGRESSIVE;
				GCC_WARN_UNUSED_FUNCTION = YES;
				GCC_WARN_UNUSED_VARIABLE = YES;
				IPHONEOS_DEPLOYMENT_TARGET = 14.5;
				MTL_ENABLE_DEBUG_INFO = NO;
				MTL_FAST_MATH = YES;
				SDKROOT = iphoneos;
				SWIFT_COMPILATION_MODE = wholemodule;
				SWIFT_OPTIMIZATION_LEVEL = "-O";
				VALIDATE_PRODUCT = YES;
			};
			name = Release;
		};
		6186976426D273B80069AE30 /* Debug */ = {
			isa = XCBuildConfiguration;
			baseConfigurationReference = 90F0A59C255DFA9E5C2B3469 /* Pods-Avec.debug.xcconfig */;
			buildSettings = {
				ASSETCATALOG_COMPILER_APPICON_NAME = AppIcon;
				ASSETCATALOG_COMPILER_GLOBAL_ACCENT_COLOR_NAME = AccentColor;
				CODE_SIGN_STYLE = Automatic;
				INFOPLIST_FILE = Avec/Info.plist;
				LD_RUNPATH_SEARCH_PATHS = (
					"$(inherited)",
					"@executable_path/Frameworks",
				);
				PRODUCT_BUNDLE_IDENTIFIER = "Avec-Team.Avec";
				PRODUCT_NAME = "$(TARGET_NAME)";
				SWIFT_VERSION = 5.0;
				TARGETED_DEVICE_FAMILY = 1;
			};
			name = Debug;
		};
		6186976526D273B80069AE30 /* Release */ = {
			isa = XCBuildConfiguration;
			baseConfigurationReference = 57ED11A75BF6332F1BC071BF /* Pods-Avec.release.xcconfig */;
			buildSettings = {
				ASSETCATALOG_COMPILER_APPICON_NAME = AppIcon;
				ASSETCATALOG_COMPILER_GLOBAL_ACCENT_COLOR_NAME = AccentColor;
				CODE_SIGN_STYLE = Automatic;
				INFOPLIST_FILE = Avec/Info.plist;
				LD_RUNPATH_SEARCH_PATHS = (
					"$(inherited)",
					"@executable_path/Frameworks",
				);
				PRODUCT_BUNDLE_IDENTIFIER = "Avec-Team.Avec";
				PRODUCT_NAME = "$(TARGET_NAME)";
				SWIFT_VERSION = 5.0;
				TARGETED_DEVICE_FAMILY = 1;
			};
			name = Release;
		};
/* End XCBuildConfiguration section */

/* Begin XCConfigurationList section */
		6186974A26D273B60069AE30 /* Build configuration list for PBXProject "Avec" */ = {
			isa = XCConfigurationList;
			buildConfigurations = (
				6186976126D273B80069AE30 /* Debug */,
				6186976226D273B80069AE30 /* Release */,
			);
			defaultConfigurationIsVisible = 0;
			defaultConfigurationName = Release;
		};
		6186976326D273B80069AE30 /* Build configuration list for PBXNativeTarget "Avec" */ = {
			isa = XCConfigurationList;
			buildConfigurations = (
				6186976426D273B80069AE30 /* Debug */,
				6186976526D273B80069AE30 /* Release */,
			);
			defaultConfigurationIsVisible = 0;
			defaultConfigurationName = Release;
		};
/* End XCConfigurationList section */
	};
	rootObject = 6186974726D273B60069AE30 /* Project object */;
}
